
Microsoft Visual Studio Solution File, Format Version 12.00
# Visual Studio 14
VisualStudioVersion = 14.0.25420.1
MinimumVisualStudioVersion = 10.0.40219.1
Project("{FAE04EC0-301F-11D3-BF4B-00C04F79EFBC}") = "UsingStatic", "UsingStatic\UsingStatic.csproj", "{669164A4-548C-4444-AF45-5D36AE581EA3}"
EndProject
Global
	GlobalSection(SolutionConfigurationPlatforms) = preSolution
		Debug|Any CPU = Debug|Any CPU
		Release|Any CPU = Release|Any CPU
	EndGlobalSection
	GlobalSection(ProjectConfigurationPlatforms) = postSolution
		{669164A4-548C-4444-AF45-5D36AE581EA3}.Debug|Any CPU.ActiveCfg = Debug|Any CPU
		{669164A4-548C-4444-AF45-5D36AE581EA3}.Debug|Any CPU.Build.0 = Debug|Any CPU
		{669164A4-548C-4444-AF45-5D36AE581EA3}.Release|Any CPU.ActiveCfg = Release|Any CPU
		{669164A4-548C-4444-AF45-5D36AE581EA3}.Release|Any CPU.Build.0 = Release|Any CPU
	EndGlobalSection
	GlobalSection(SolutionProperties) = preSolution
		HideSolutionNode = FALSE
	EndGlobalSection
EndGlobal
