
Microsoft Visual Studio Solution File, Format Version 12.00
# Visual Studio 14
VisualStudioVersion = 14.0.25420.1
MinimumVisualStudioVersion = 10.0.40219.1
Project("{FAE04EC0-301F-11D3-BF4B-00C04F79EFBC}") = "MortgageCalculator", "MortgageCalculator\MortgageCalculator.csproj", "{E7FB716C-084D-44B7-B8AA-7D2DDBA1055A}"
EndProject
Project("{FAE04EC0-301F-11D3-BF4B-00C04F79EFBC}") = "Generics", "Generics\Generics.csproj", "{BDD93165-7F7B-4CF9-B70E-23E1DA1C9109}"
EndProject
Project("{FAE04EC0-301F-11D3-BF4B-00C04F79EFBC}") = "LambdaLinq", "LambdaLinq\LambdaLinq.csproj", "{8F153B69-9E5A-434F-B73F-326A1D1229EE}"
EndProject
Global
	GlobalSection(SolutionConfigurationPlatforms) = preSolution
		Debug|Any CPU = Debug|Any CPU
		Release|Any CPU = Release|Any CPU
	EndGlobalSection
	GlobalSection(ProjectConfigurationPlatforms) = postSolution
		{E7FB716C-084D-44B7-B8AA-7D2DDBA1055A}.Debug|Any CPU.ActiveCfg = Debug|Any CPU
		{E7FB716C-084D-44B7-B8AA-7D2DDBA1055A}.Debug|Any CPU.Build.0 = Debug|Any CPU
		{E7FB716C-084D-44B7-B8AA-7D2DDBA1055A}.Release|Any CPU.ActiveCfg = Release|Any CPU
		{E7FB716C-084D-44B7-B8AA-7D2DDBA1055A}.Release|Any CPU.Build.0 = Release|Any CPU
		{BDD93165-7F7B-4CF9-B70E-23E1DA1C9109}.Debug|Any CPU.ActiveCfg = Debug|Any CPU
		{BDD93165-7F7B-4CF9-B70E-23E1DA1C9109}.Debug|Any CPU.Build.0 = Debug|Any CPU
		{BDD93165-7F7B-4CF9-B70E-23E1DA1C9109}.Release|Any CPU.ActiveCfg = Release|Any CPU
		{BDD93165-7F7B-4CF9-B70E-23E1DA1C9109}.Release|Any CPU.Build.0 = Release|Any CPU
		{8F153B69-9E5A-434F-B73F-326A1D1229EE}.Debug|Any CPU.ActiveCfg = Debug|Any CPU
		{8F153B69-9E5A-434F-B73F-326A1D1229EE}.Debug|Any CPU.Build.0 = Debug|Any CPU
		{8F153B69-9E5A-434F-B73F-326A1D1229EE}.Release|Any CPU.ActiveCfg = Release|Any CPU
		{8F153B69-9E5A-434F-B73F-326A1D1229EE}.Release|Any CPU.Build.0 = Release|Any CPU
	EndGlobalSection
	GlobalSection(SolutionProperties) = preSolution
		HideSolutionNode = FALSE
	EndGlobalSection
EndGlobal
